
Microsoft Visual Studio Solution File, Format Version 12.00
# Visual Studio Version 17
VisualStudioVersion = 17.11.35327.3
MinimumVisualStudioVersion = 10.0.40219.1
Project("{FAE04EC0-301F-11D3-BF4B-00C04F79EFBC}") = "3dPr1nt", "3dPr1nt.csproj", "{27E63E9E-6510-46BF-8718-AA3C14F1B3D6}"
EndProject
Global
	GlobalSection(SolutionConfigurationPlatforms) = preSolution
		Debug|Any CPU = Debug|Any CPU
		Release|Any CPU = Release|Any CPU
	EndGlobalSection
	GlobalSection(ProjectConfigurationPlatforms) = postSolution
		{27E63E9E-6510-46BF-8718-AA3C14F1B3D6}.Debug|Any CPU.ActiveCfg = Debug|Any CPU
		{27E63E9E-6510-46BF-8718-AA3C14F1B3D6}.Debug|Any CPU.Build.0 = Debug|Any CPU
		{27E63E9E-6510-46BF-8718-AA3C14F1B3D6}.Release|Any CPU.ActiveCfg = Release|Any CPU
		{27E63E9E-6510-46BF-8718-AA3C14F1B3D6}.Release|Any CPU.Build.0 = Release|Any CPU
	EndGlobalSection
	GlobalSection(SolutionProperties) = preSolution
		HideSolutionNode = FALSE
	EndGlobalSection
	GlobalSection(ExtensibilityGlobals) = postSolution
		SolutionGuid = {4D6BE464-526F-41FC-8DA6-D26278322DDA}
	EndGlobalSection
EndGlobal
